
Microsoft Visual Studio Solution File, Format Version 12.00
# Visual Studio Version 17
VisualStudioVersion = 17.14.36301.6 d17.14
MinimumVisualStudioVersion = 10.0.40219.1
Project("{FAE04EC0-301F-11D3-BF4B-00C04F79EFBC}") = "RevitNanoBanana", "RevitNanoBanana.csproj", "{25632792-5969-EBA4-A9C5-DF3665693995}"
EndProject
Global
	GlobalSection(SolutionConfigurationPlatforms) = preSolution
		Debug|Any CPU = Debug|Any CPU
		Release|Any CPU = Release|Any CPU
	EndGlobalSection
	GlobalSection(ProjectConfigurationPlatforms) = postSolution
		{25632792-5969-EBA4-A9C5-DF3665693995}.Debug|Any CPU.ActiveCfg = Debug|Any CPU
		{25632792-5969-EBA4-A9C5-DF3665693995}.Debug|Any CPU.Build.0 = Debug|Any CPU
		{25632792-5969-EBA4-A9C5-DF3665693995}.Release|Any CPU.ActiveCfg = Release|Any CPU
		{25632792-5969-EBA4-A9C5-DF3665693995}.Release|Any CPU.Build.0 = Release|Any CPU
	EndGlobalSection
	GlobalSection(SolutionProperties) = preSolution
		HideSolutionNode = FALSE
	EndGlobalSection
	GlobalSection(ExtensibilityGlobals) = postSolution
		SolutionGuid = {090D394D-2601-4AD8-929A-058271489134}
	EndGlobalSection
EndGlobal
